
Microsoft Visual Studio Solution File, Format Version 12.00
# Visual Studio 15
VisualStudioVersion = 15.0.26124.0
MinimumVisualStudioVersion = 15.0.26124.0
Project("{2150E333-8FDC-42A3-9474-1A3956D46DE8}") = "Akkounts.Publisher", "Akkounts.Publisher", "{2BFEC1CF-953B-4776-B4E4-18ED128F0B49}"
EndProject
Project("{FAE04EC0-301F-11D3-BF4B-00C04F79EFBC}") = "Akkounts.Publisher.AccountTransactions", "Akkounts.Publisher\Akkounts.Publisher.AccountTransactions\Akkounts.Publisher.AccountTransactions.csproj", "{7251AF04-FE7B-4F25-9DFA-9A3A61D4782D}"
EndProject
Global
	GlobalSection(SolutionConfigurationPlatforms) = preSolution
		Debug|Any CPU = Debug|Any CPU
		Debug|x64 = Debug|x64
		Debug|x86 = Debug|x86
		Release|Any CPU = Release|Any CPU
		Release|x64 = Release|x64
		Release|x86 = Release|x86
	EndGlobalSection
	GlobalSection(SolutionProperties) = preSolution
		HideSolutionNode = FALSE
	EndGlobalSection
	GlobalSection(ProjectConfigurationPlatforms) = postSolution
		{7251AF04-FE7B-4F25-9DFA-9A3A61D4782D}.Debug|Any CPU.ActiveCfg = Debug|Any CPU
		{7251AF04-FE7B-4F25-9DFA-9A3A61D4782D}.Debug|Any CPU.Build.0 = Debug|Any CPU
		{7251AF04-FE7B-4F25-9DFA-9A3A61D4782D}.Debug|x64.ActiveCfg = Debug|Any CPU
		{7251AF04-FE7B-4F25-9DFA-9A3A61D4782D}.Debug|x64.Build.0 = Debug|Any CPU
		{7251AF04-FE7B-4F25-9DFA-9A3A61D4782D}.Debug|x86.ActiveCfg = Debug|Any CPU
		{7251AF04-FE7B-4F25-9DFA-9A3A61D4782D}.Debug|x86.Build.0 = Debug|Any CPU
		{7251AF04-FE7B-4F25-9DFA-9A3A61D4782D}.Release|Any CPU.ActiveCfg = Release|Any CPU
		{7251AF04-FE7B-4F25-9DFA-9A3A61D4782D}.Release|Any CPU.Build.0 = Release|Any CPU
		{7251AF04-FE7B-4F25-9DFA-9A3A61D4782D}.Release|x64.ActiveCfg = Release|Any CPU
		{7251AF04-FE7B-4F25-9DFA-9A3A61D4782D}.Release|x64.Build.0 = Release|Any CPU
		{7251AF04-FE7B-4F25-9DFA-9A3A61D4782D}.Release|x86.ActiveCfg = Release|Any CPU
		{7251AF04-FE7B-4F25-9DFA-9A3A61D4782D}.Release|x86.Build.0 = Release|Any CPU
	EndGlobalSection
	GlobalSection(NestedProjects) = preSolution
		{7251AF04-FE7B-4F25-9DFA-9A3A61D4782D} = {2BFEC1CF-953B-4776-B4E4-18ED128F0B49}
	EndGlobalSection
EndGlobal
