
Microsoft Visual Studio Solution File, Format Version 12.00
# Visual Studio 15
VisualStudioVersion = 15.0.26124.0
MinimumVisualStudioVersion = 15.0.26124.0
Project("{FAE04EC0-301F-11D3-BF4B-00C04F79EFBC}") = "Akkounts.Core", "Akkounts.Core\Akkounts.Core.csproj", "{475B9044-3417-4F26-91CE-F2F39F5F29CC}"
EndProject
Project("{FAE04EC0-301F-11D3-BF4B-00C04F79EFBC}") = "Akkounts.Publisher", "Akkounts.Publisher\Akkounts.Publisher.csproj", "{0F75D831-1DF7-46E6-9D72-5B5CFEE43C6D}"
EndProject
Project("{FAE04EC0-301F-11D3-BF4B-00C04F79EFBC}") = "Akkounts.Web", "Akkounts.Web\Akkounts.Web.csproj", "{D34E5B21-992C-44A6-9C63-610C149D1838}"
EndProject
Global
	GlobalSection(SolutionConfigurationPlatforms) = preSolution
		Debug|Any CPU = Debug|Any CPU
		Debug|x64 = Debug|x64
		Debug|x86 = Debug|x86
		Release|Any CPU = Release|Any CPU
		Release|x64 = Release|x64
		Release|x86 = Release|x86
	EndGlobalSection
	GlobalSection(SolutionProperties) = preSolution
		HideSolutionNode = FALSE
	EndGlobalSection
	GlobalSection(ProjectConfigurationPlatforms) = postSolution
		{475B9044-3417-4F26-91CE-F2F39F5F29CC}.Debug|Any CPU.ActiveCfg = Debug|Any CPU
		{475B9044-3417-4F26-91CE-F2F39F5F29CC}.Debug|Any CPU.Build.0 = Debug|Any CPU
		{475B9044-3417-4F26-91CE-F2F39F5F29CC}.Debug|x64.ActiveCfg = Debug|Any CPU
		{475B9044-3417-4F26-91CE-F2F39F5F29CC}.Debug|x64.Build.0 = Debug|Any CPU
		{475B9044-3417-4F26-91CE-F2F39F5F29CC}.Debug|x86.ActiveCfg = Debug|Any CPU
		{475B9044-3417-4F26-91CE-F2F39F5F29CC}.Debug|x86.Build.0 = Debug|Any CPU
		{475B9044-3417-4F26-91CE-F2F39F5F29CC}.Release|Any CPU.ActiveCfg = Release|Any CPU
		{475B9044-3417-4F26-91CE-F2F39F5F29CC}.Release|Any CPU.Build.0 = Release|Any CPU
		{475B9044-3417-4F26-91CE-F2F39F5F29CC}.Release|x64.ActiveCfg = Release|Any CPU
		{475B9044-3417-4F26-91CE-F2F39F5F29CC}.Release|x64.Build.0 = Release|Any CPU
		{475B9044-3417-4F26-91CE-F2F39F5F29CC}.Release|x86.ActiveCfg = Release|Any CPU
		{475B9044-3417-4F26-91CE-F2F39F5F29CC}.Release|x86.Build.0 = Release|Any CPU
		{0F75D831-1DF7-46E6-9D72-5B5CFEE43C6D}.Debug|Any CPU.ActiveCfg = Debug|Any CPU
		{0F75D831-1DF7-46E6-9D72-5B5CFEE43C6D}.Debug|Any CPU.Build.0 = Debug|Any CPU
		{0F75D831-1DF7-46E6-9D72-5B5CFEE43C6D}.Debug|x64.ActiveCfg = Debug|Any CPU
		{0F75D831-1DF7-46E6-9D72-5B5CFEE43C6D}.Debug|x64.Build.0 = Debug|Any CPU
		{0F75D831-1DF7-46E6-9D72-5B5CFEE43C6D}.Debug|x86.ActiveCfg = Debug|Any CPU
		{0F75D831-1DF7-46E6-9D72-5B5CFEE43C6D}.Debug|x86.Build.0 = Debug|Any CPU
		{0F75D831-1DF7-46E6-9D72-5B5CFEE43C6D}.Release|Any CPU.ActiveCfg = Release|Any CPU
		{0F75D831-1DF7-46E6-9D72-5B5CFEE43C6D}.Release|Any CPU.Build.0 = Release|Any CPU
		{0F75D831-1DF7-46E6-9D72-5B5CFEE43C6D}.Release|x64.ActiveCfg = Release|Any CPU
		{0F75D831-1DF7-46E6-9D72-5B5CFEE43C6D}.Release|x64.Build.0 = Release|Any CPU
		{0F75D831-1DF7-46E6-9D72-5B5CFEE43C6D}.Release|x86.ActiveCfg = Release|Any CPU
		{0F75D831-1DF7-46E6-9D72-5B5CFEE43C6D}.Release|x86.Build.0 = Release|Any CPU
		{D34E5B21-992C-44A6-9C63-610C149D1838}.Debug|Any CPU.ActiveCfg = Debug|Any CPU
		{D34E5B21-992C-44A6-9C63-610C149D1838}.Debug|Any CPU.Build.0 = Debug|Any CPU
		{D34E5B21-992C-44A6-9C63-610C149D1838}.Debug|x64.ActiveCfg = Debug|Any CPU
		{D34E5B21-992C-44A6-9C63-610C149D1838}.Debug|x64.Build.0 = Debug|Any CPU
		{D34E5B21-992C-44A6-9C63-610C149D1838}.Debug|x86.ActiveCfg = Debug|Any CPU
		{D34E5B21-992C-44A6-9C63-610C149D1838}.Debug|x86.Build.0 = Debug|Any CPU
		{D34E5B21-992C-44A6-9C63-610C149D1838}.Release|Any CPU.ActiveCfg = Release|Any CPU
		{D34E5B21-992C-44A6-9C63-610C149D1838}.Release|Any CPU.Build.0 = Release|Any CPU
		{D34E5B21-992C-44A6-9C63-610C149D1838}.Release|x64.ActiveCfg = Release|Any CPU
		{D34E5B21-992C-44A6-9C63-610C149D1838}.Release|x64.Build.0 = Release|Any CPU
		{D34E5B21-992C-44A6-9C63-610C149D1838}.Release|x86.ActiveCfg = Release|Any CPU
		{D34E5B21-992C-44A6-9C63-610C149D1838}.Release|x86.Build.0 = Release|Any CPU
	EndGlobalSection
EndGlobal
